
Microsoft Visual Studio Solution File, Format Version 12.00
# Visual Studio 15
VisualStudioVersion = 15.0.28010.2041
MinimumVisualStudioVersion = 10.0.40219.1
Project("{8BC9CEB8-8B4A-11D0-8D11-00A0C91BC942}") = "MonsterArena", "MonsterArena\MonsterArena.vcxproj", "{A4B104EB-FF3C-431B-A165-E7C543172688}"
EndProject
Global
	GlobalSection(SolutionConfigurationPlatforms) = preSolution
		Debug|x64 = Debug|x64
		Debug|x86 = Debug|x86
		Release|x64 = Release|x64
		Release|x86 = Release|x86
	EndGlobalSection
	GlobalSection(ProjectConfigurationPlatforms) = postSolution
		{A4B104EB-FF3C-431B-A165-E7C543172688}.Debug|x64.ActiveCfg = Debug|x64
		{A4B104EB-FF3C-431B-A165-E7C543172688}.Debug|x64.Build.0 = Debug|x64
		{A4B104EB-FF3C-431B-A165-E7C543172688}.Debug|x86.ActiveCfg = Debug|Win32
		{A4B104EB-FF3C-431B-A165-E7C543172688}.Debug|x86.Build.0 = Debug|Win32
		{A4B104EB-FF3C-431B-A165-E7C543172688}.Release|x64.ActiveCfg = Release|x64
		{A4B104EB-FF3C-431B-A165-E7C543172688}.Release|x64.Build.0 = Release|x64
		{A4B104EB-FF3C-431B-A165-E7C543172688}.Release|x86.ActiveCfg = Release|Win32
		{A4B104EB-FF3C-431B-A165-E7C543172688}.Release|x86.Build.0 = Release|Win32
	EndGlobalSection
	GlobalSection(SolutionProperties) = preSolution
		HideSolutionNode = FALSE
	EndGlobalSection
	GlobalSection(ExtensibilityGlobals) = postSolution
		SolutionGuid = {27D78170-AF35-4CD5-A2BF-7D65EDB975F5}
	EndGlobalSection
EndGlobal
